// !$*UTF8*$!
{
	archiveVersion = 1;
	classes = {
	};
	objectVersion = 77;
	objects = {

/* Begin PBXBuildFile section */
		2BE0DABE2F6DA547008394E3 /* WidgetKit.framework in Frameworks */ = {isa = PBXBuildFile; fileRef = 2BE0DABD2F6DA546008394E3 /* WidgetKit.framework */; };
		2BE0DAC02F6DA547008394E3 /* SwiftUI.framework in Frameworks */ = {isa = PBXBuildFile; fileRef = 2BE0DABF2F6DA547008394E3 /* SwiftUI.framework */; };
		2BE0DACF2F6DA547008394E3 /* BloodyDayWidgetExtension.appex in Embed Foundation Extensions */ = {isa = PBXBuildFile; fileRef = 2BE0DABB2F6DA546008394E3 /* BloodyDayWidgetExtension.appex */; settings = {ATTRIBUTES = (RemoveHeadersOnCopy, ); }; };
/* End PBXBuildFile section */

/* Begin PBXContainerItemProxy section */
		2BE0DACD2F6DA547008394E3 /* PBXContainerItemProxy */ = {
			isa = PBXContainerItemProxy;
			containerPortal = 2BF4544C2E97DB6900C1190F /* Project object */;
			proxyType = 1;
			remoteGlobalIDString = 2BE0DABA2F6DA546008394E3;
			remoteInfo = BloodyDayWidgetExtension;
		};
		2BF454662E97DB7000C1190F /* PBXContainerItemProxy */ = {
			isa = PBXContainerItemProxy;
			containerPortal = 2BF4544C2E97DB6900C1190F /* Project object */;
			proxyType = 1;
			remoteGlobalIDString = 2BF454532E97DB6900C1190F;
			remoteInfo = BloodyDay;
		};
/* End PBXContainerItemProxy section */

/* Begin PBXCopyFilesBuildPhase section */
		2BE0DAD42F6DA547008394E3 /* Embed Foundation Extensions */ = {
			isa = PBXCopyFilesBuildPhase;
			buildActionMask = 2147483647;
			dstPath = "";
			dstSubfolderSpec = 13;
			files = (
				2BE0DACF2F6DA547008394E3 /* BloodyDayWidgetExtension.appex in Embed Foundation Extensions */,
			);
			name = "Embed Foundation Extensions";
			runOnlyForDeploymentPostprocessing = 0;
		};
/* End PBXCopyFilesBuildPhase section */

/* Begin PBXFileReference section */
		2BE0DABB2F6DA546008394E3 /* BloodyDayWidgetExtension.appex */ = {isa = PBXFileReference; explicitFileType = "wrapper.app-extension"; includeInIndex = 0; path = BloodyDayWidgetExtension.appex; sourceTree = BUILT_PRODUCTS_DIR; };
		2BE0DABD2F6DA546008394E3 /* WidgetKit.framework */ = {isa = PBXFileReference; lastKnownFileType = wrapper.framework; name = WidgetKit.framework; path = System/Library/Frameworks/WidgetKit.framework; sourceTree = SDKROOT; };
		2BE0DABF2F6DA547008394E3 /* SwiftUI.framework */ = {isa = PBXFileReference; lastKnownFileType = wrapper.framework; name = SwiftUI.framework; path = System/Library/Frameworks/SwiftUI.framework; sourceTree = SDKROOT; };
		2BF454542E97DB6900C1190F /* BloodyDay.app */ = {isa = PBXFileReference; explicitFileType = wrapper.application; includeInIndex = 0; path = BloodyDay.app; sourceTree = BUILT_PRODUCTS_DIR; };
		2BF454652E97DB7000C1190F /* BloodyDayTests.xctest */ = {isa = PBXFileReference; explicitFileType = wrapper.cfbundle; includeInIndex = 0; path = BloodyDayTests.xctest; sourceTree = BUILT_PRODUCTS_DIR; };
		2BF4549C2E97DC3100C1190F /* .gitignore */ = {isa = PBXFileReference; lastKnownFileType = text; path = .gitignore; sourceTree = "<group>"; };
		2BF4549D2E97DC3700C1190F /* README.md */ = {isa = PBXFileReference; lastKnownFileType = net.daringfireball.markdown; path = README.md; sourceTree = "<group>"; };
/* End PBXFileReference section */

/* Begin PBXFileSystemSynchronizedBuildFileExceptionSet section */
		2B61D4EB2F6FC1E4003299A7 /* Exceptions for "BloodyDay" folder in "BloodyDayWidgetExtension" target */ = {
			isa = PBXFileSystemSynchronizedBuildFileExceptionSet;
			membershipExceptions = (
				Data/DTO/UserEvent.swift,
				Domain/Entities/DayEvent.swift,
				Domain/Entities/EventType.swift,
				Domain/Entities/Settings/AppearanceSettings.swift,
				Domain/Entities/Settings/AppleCalendarSettings.swift,
				Domain/Entities/Settings/NotificationSettings.swift,
				Domain/Entities/Settings/PeriodSettings.swift,
				Domain/Entities/Settings/PillSettings.swift,
				Domain/Entities/Settings/UserSettings.swift,
				Domain/Models/CalendarEventTogglePolicy.swift,
				Domain/Models/DayInfoCardStatusSnapshot.swift,
				Domain/UseCases/CalendarEventTogglePolicyUseCase.swift,
				Domain/UseCases/DayInfoCardStatusUseCase.swift,
				Domain/UseCases/PeriodForecastCalculator.swift,
				Domain/UseCases/PeriodSummaryBuilder.swift,
				Domain/UseCases/PillCycleCalculator.swift,
				Domain/UseCases/PredictedCycleEventBuilder.swift,
				Features/Calendar/UseCases/BuildCalendarMonthComputationContextUseCase.swift,
				Resources/Assets.xcassets,
				"Resources/Fonts/Clarendon Bold.otf",
				"Resources/Fonts/Pretendard-Bold.otf",
				"Resources/Fonts/Pretendard-Medium.otf",
				"Resources/Fonts/Pretendard-Regular.otf",
				"Resources/Fonts/Pretendard-SemiBold.otf",
				"Utilities/Date+Extension.swift",
				"Utilities/Font+Extension.swift",
			);
			target = 2BE0DABA2F6DA546008394E3 /* BloodyDayWidgetExtension */;
		};
		2BE0DAD32F6DA547008394E3 /* Exceptions for "BloodyDayWidget" folder in "BloodyDayWidgetExtension" target */ = {
			isa = PBXFileSystemSynchronizedBuildFileExceptionSet;
			membershipExceptions = (
				Info.plist,
			);
			target = 2BE0DABA2F6DA546008394E3 /* BloodyDayWidgetExtension */;
		};
		2BF454772E97DB7000C1190F /* Exceptions for "BloodyDay" folder in "BloodyDay" target */ = {
			isa = PBXFileSystemSynchronizedBuildFileExceptionSet;
			membershipExceptions = (
				App/Info.plist,
			);
			target = 2BF454532E97DB6900C1190F /* BloodyDay */;
		};
/* End PBXFileSystemSynchronizedBuildFileExceptionSet section */

/* Begin PBXFileSystemSynchronizedRootGroup section */
		2BE0DAC12F6DA547008394E3 /* BloodyDayWidget */ = {
			isa = PBXFileSystemSynchronizedRootGroup;
			exceptions = (
				2BE0DAD32F6DA547008394E3 /* Exceptions for "BloodyDayWidget" folder in "BloodyDayWidgetExtension" target */,
			);
			path = BloodyDayWidget;
			sourceTree = "<group>";
		};
		2BF454562E97DB6900C1190F /* BloodyDay */ = {
			isa = PBXFileSystemSynchronizedRootGroup;
			exceptions = (
				2BF454772E97DB7000C1190F /* Exceptions for "BloodyDay" folder in "BloodyDay" target */,
				2B61D4EB2F6FC1E4003299A7 /* Exceptions for "BloodyDay" folder in "BloodyDayWidgetExtension" target */,
			);
			path = BloodyDay;
			sourceTree = "<group>";
		};
		2BF454682E97DB7000C1190F /* BloodyDayTests */ = {
			isa = PBXFileSystemSynchronizedRootGroup;
			path = BloodyDayTests;
			sourceTree = "<group>";
		};
		2BF4549B2E97DC1A00C1190F /* .github */ = {
			isa = PBXFileSystemSynchronizedRootGroup;
			path = .github;
			sourceTree = "<group>";
		};
/* End PBXFileSystemSynchronizedRootGroup section */

/* Begin PBXFrameworksBuildPhase section */
		2BE0DAB82F6DA546008394E3 /* Frameworks */ = {
			isa = PBXFrameworksBuildPhase;
			buildActionMask = 2147483647;
			files = (
				2BE0DAC02F6DA547008394E3 /* SwiftUI.framework in Frameworks */,
				2BE0DABE2F6DA547008394E3 /* WidgetKit.framework in Frameworks */,
			);
			runOnlyForDeploymentPostprocessing = 0;
		};
		2BF454512E97DB6900C1190F /* Frameworks */ = {
			isa = PBXFrameworksBuildPhase;
			buildActionMask = 2147483647;
			files = (
			);
			runOnlyForDeploymentPostprocessing = 0;
		};
		2BF454622E97DB7000C1190F /* Frameworks */ = {
			isa = PBXFrameworksBuildPhase;
			buildActionMask = 2147483647;
			files = (
			);
			runOnlyForDeploymentPostprocessing = 0;
		};
/* End PBXFrameworksBuildPhase section */

/* Begin PBXGroup section */
		2BE0DABC2F6DA546008394E3 /* Frameworks */ = {
			isa = PBXGroup;
			children = (
				2BE0DABD2F6DA546008394E3 /* WidgetKit.framework */,
				2BE0DABF2F6DA547008394E3 /* SwiftUI.framework */,
			);
			name = Frameworks;
			sourceTree = "<group>";
		};
		2BF4544B2E97DB6900C1190F = {
			isa = PBXGroup;
			children = (
				2BF454562E97DB6900C1190F /* BloodyDay */,
				2BF454682E97DB7000C1190F /* BloodyDayTests */,
				2BF4549B2E97DC1A00C1190F /* .github */,
				2BE0DAC12F6DA547008394E3 /* BloodyDayWidget */,
				2BE0DABC2F6DA546008394E3 /* Frameworks */,
				2BF454552E97DB6900C1190F /* Products */,
				2BF4549C2E97DC3100C1190F /* .gitignore */,
				2BF4549D2E97DC3700C1190F /* README.md */,
			);
			sourceTree = "<group>";
		};
		2BF454552E97DB6900C1190F /* Products */ = {
			isa = PBXGroup;
			children = (
				2BF454542E97DB6900C1190F /* BloodyDay.app */,
				2BF454652E97DB7000C1190F /* BloodyDayTests.xctest */,
				2BE0DABB2F6DA546008394E3 /* BloodyDayWidgetExtension.appex */,
			);
			name = Products;
			sourceTree = "<group>";
		};
/* End PBXGroup section */

/* Begin PBXNativeTarget section */
		2BE0DABA2F6DA546008394E3 /* BloodyDayWidgetExtension */ = {
			isa = PBXNativeTarget;
			buildConfigurationList = 2BE0DAD02F6DA547008394E3 /* Build configuration list for PBXNativeTarget "BloodyDayWidgetExtension" */;
			buildPhases = (
				2BE0DAB72F6DA546008394E3 /* Sources */,
				2BE0DAB82F6DA546008394E3 /* Frameworks */,
				2BE0DAB92F6DA546008394E3 /* Resources */,
			);
			buildRules = (
			);
			dependencies = (
			);
			fileSystemSynchronizedGroups = (
				2BE0DAC12F6DA547008394E3 /* BloodyDayWidget */,
			);
			name = BloodyDayWidgetExtension;
			packageProductDependencies = (
			);
			productName = BloodyDayWidgetExtension;
			productReference = 2BE0DABB2F6DA546008394E3 /* BloodyDayWidgetExtension.appex */;
			productType = "com.apple.product-type.app-extension";
		};
		2BF454532E97DB6900C1190F /* BloodyDay */ = {
			isa = PBXNativeTarget;
			buildConfigurationList = 2BF454782E97DB7000C1190F /* Build configuration list for PBXNativeTarget "BloodyDay" */;
			buildPhases = (
				2BF454502E97DB6900C1190F /* Sources */,
				2BF454512E97DB6900C1190F /* Frameworks */,
				2BF454522E97DB6900C1190F /* Resources */,
				2BE0DAD42F6DA547008394E3 /* Embed Foundation Extensions */,
			);
			buildRules = (
			);
			dependencies = (
				2BE0DACE2F6DA547008394E3 /* PBXTargetDependency */,
			);
			fileSystemSynchronizedGroups = (
				2BF454562E97DB6900C1190F /* BloodyDay */,
			);
			name = BloodyDay;
			packageProductDependencies = (
			);
			productName = BloodyDay;
			productReference = 2BF454542E97DB6900C1190F /* BloodyDay.app */;
			productType = "com.apple.product-type.application";
		};
		2BF454642E97DB7000C1190F /* BloodyDayTests */ = {
			isa = PBXNativeTarget;
			buildConfigurationList = 2BF4547D2E97DB7000C1190F /* Build configuration list for PBXNativeTarget "BloodyDayTests" */;
			buildPhases = (
				2BF454612E97DB7000C1190F /* Sources */,
				2BF454622E97DB7000C1190F /* Frameworks */,
				2BF454632E97DB7000C1190F /* Resources */,
			);
			buildRules = (
			);
			dependencies = (
				2BF454672E97DB7000C1190F /* PBXTargetDependency */,
			);
			fileSystemSynchronizedGroups = (
				2BF454682E97DB7000C1190F /* BloodyDayTests */,
			);
			name = BloodyDayTests;
			packageProductDependencies = (
			);
			productName = BloodyDayTests;
			productReference = 2BF454652E97DB7000C1190F /* BloodyDayTests.xctest */;
			productType = "com.apple.product-type.bundle.unit-test";
		};
/* End PBXNativeTarget section */

/* Begin PBXProject section */
		2BF4544C2E97DB6900C1190F /* Project object */ = {
			isa = PBXProject;
			attributes = {
				BuildIndependentTargetsInParallel = 1;
				LastSwiftUpdateCheck = 2630;
				LastUpgradeCheck = 2600;
				TargetAttributes = {
					2BE0DABA2F6DA546008394E3 = {
						CreatedOnToolsVersion = 26.3;
					};
					2BF454532E97DB6900C1190F = {
						CreatedOnToolsVersion = 26.0.1;
					};
					2BF454642E97DB7000C1190F = {
						CreatedOnToolsVersion = 26.0.1;
						TestTargetID = 2BF454532E97DB6900C1190F;
					};
				};
			};
			buildConfigurationList = 2BF4544F2E97DB6900C1190F /* Build configuration list for PBXProject "BloodyDay" */;
			developmentRegion = ko;
			hasScannedForEncodings = 0;
			knownRegions = (
				en,
				Base,
				ko,
			);
			mainGroup = 2BF4544B2E97DB6900C1190F;
			minimizedProjectReferenceProxies = 1;
			preferredProjectObjectVersion = 77;
			productRefGroup = 2BF454552E97DB6900C1190F /* Products */;
			projectDirPath = "";
			projectRoot = "";
			targets = (
				2BF454532E97DB6900C1190F /* BloodyDay */,
				2BF454642E97DB7000C1190F /* BloodyDayTests */,
				2BE0DABA2F6DA546008394E3 /* BloodyDayWidgetExtension */,
			);
		};
/* End PBXProject section */

/* Begin PBXResourcesBuildPhase section */
		2BE0DAB92F6DA546008394E3 /* Resources */ = {
			isa = PBXResourcesBuildPhase;
			buildActionMask = 2147483647;
			files = (
			);
			runOnlyForDeploymentPostprocessing = 0;
		};
		2BF454522E97DB6900C1190F /* Resources */ = {
			isa = PBXResourcesBuildPhase;
			buildActionMask = 2147483647;
			files = (
			);
			runOnlyForDeploymentPostprocessing = 0;
		};
		2BF454632E97DB7000C1190F /* Resources */ = {
			isa = PBXResourcesBuildPhase;
			buildActionMask = 2147483647;
			files = (
			);
			runOnlyForDeploymentPostprocessing = 0;
		};
/* End PBXResourcesBuildPhase section */

/* Begin PBXSourcesBuildPhase section */
		2BE0DAB72F6DA546008394E3 /* Sources */ = {
			isa = PBXSourcesBuildPhase;
			buildActionMask = 2147483647;
			files = (
			);
			runOnlyForDeploymentPostprocessing = 0;
		};
		2BF454502E97DB6900C1190F /* Sources */ = {
			isa = PBXSourcesBuildPhase;
			buildActionMask = 2147483647;
			files = (
			);
			runOnlyForDeploymentPostprocessing = 0;
		};
		2BF454612E97DB7000C1190F /* Sources */ = {
			isa = PBXSourcesBuildPhase;
			buildActionMask = 2147483647;
			files = (
			);
			runOnlyForDeploymentPostprocessing = 0;
		};
/* End PBXSourcesBuildPhase section */

/* Begin PBXTargetDependency section */
		2BE0DACE2F6DA547008394E3 /* PBXTargetDependency */ = {
			isa = PBXTargetDependency;
			target = 2BE0DABA2F6DA546008394E3 /* BloodyDayWidgetExtension */;
			targetProxy = 2BE0DACD2F6DA547008394E3 /* PBXContainerItemProxy */;
		};
		2BF454672E97DB7000C1190F /* PBXTargetDependency */ = {
			isa = PBXTargetDependency;
			target = 2BF454532E97DB6900C1190F /* BloodyDay */;
			targetProxy = 2BF454662E97DB7000C1190F /* PBXContainerItemProxy */;
		};
/* End PBXTargetDependency section */

/* Begin XCBuildConfiguration section */
		2BE0DAD12F6DA547008394E3 /* Debug */ = {
			isa = XCBuildConfiguration;
			buildSettings = {
				ASSETCATALOG_COMPILER_GLOBAL_ACCENT_COLOR_NAME = AccentColor;
				ASSETCATALOG_COMPILER_WIDGET_BACKGROUND_COLOR_NAME = WidgetBackground;
				CODE_SIGN_ENTITLEMENTS = BloodyDayWidget/BloodyDayWidget.entitlements;
				CODE_SIGN_STYLE = Automatic;
				CURRENT_PROJECT_VERSION = 1;
				DEVELOPMENT_TEAM = UV2PAA368V;
				GENERATE_INFOPLIST_FILE = YES;
				INFOPLIST_FILE = BloodyDayWidget/Info.plist;
				INFOPLIST_KEY_CFBundleDisplayName = BloodyDayWidget;
				INFOPLIST_KEY_NSHumanReadableCopyright = "";
				IPHONEOS_DEPLOYMENT_TARGET = 26.2;
				LD_RUNPATH_SEARCH_PATHS = (
					"$(inherited)",
					"@executable_path/Frameworks",
					"@executable_path/../../Frameworks",
				);
				MARKETING_VERSION = 1.2.1;
				PRODUCT_BUNDLE_IDENTIFIER = dorypawn.BDay.BloodyDayWidget;
				PRODUCT_NAME = "$(TARGET_NAME)";
				SKIP_INSTALL = YES;
				STRING_CATALOG_GENERATE_SYMBOLS = YES;
				SWIFT_APPROACHABLE_CONCURRENCY = YES;
				SWIFT_EMIT_LOC_STRINGS = YES;
				SWIFT_UPCOMING_FEATURE_MEMBER_IMPORT_VISIBILITY = YES;
				SWIFT_VERSION = 5.0;
				TARGETED_DEVICE_FAMILY = "1,2";
			};
			name = Debug;
		};
		2BE0DAD22F6DA547008394E3 /* Release */ = {
			isa = XCBuildConfiguration;
			buildSettings = {
				ASSETCATALOG_COMPILER_GLOBAL_ACCENT_COLOR_NAME = AccentColor;
				ASSETCATALOG_COMPILER_WIDGET_BACKGROUND_COLOR_NAME = WidgetBackground;
				CODE_SIGN_ENTITLEMENTS = BloodyDayWidget/BloodyDayWidget.entitlements;
				CODE_SIGN_STYLE = Automatic;
				CURRENT_PROJECT_VERSION = 1;
				DEVELOPMENT_TEAM = UV2PAA368V;
				GENERATE_INFOPLIST_FILE = YES;
				INFOPLIST_FILE = BloodyDayWidget/Info.plist;
				INFOPLIST_KEY_CFBundleDisplayName = BloodyDayWidget;
				INFOPLIST_KEY_NSHumanReadableCopyright = "";
				IPHONEOS_DEPLOYMENT_TARGET = 26.2;
				LD_RUNPATH_SEARCH_PATHS = (
					"$(inherited)",
					"@executable_path/Frameworks",
					"@executable_path/../../Frameworks",
				);
				MARKETING_VERSION = 1.2.1;
				PRODUCT_BUNDLE_IDENTIFIER = dorypawn.BDay.BloodyDayWidget;
				PRODUCT_NAME = "$(TARGET_NAME)";
				SKIP_INSTALL = YES;
				STRING_CATALOG_GENERATE_SYMBOLS = YES;
				SWIFT_APPROACHABLE_CONCURRENCY = YES;
				SWIFT_EMIT_LOC_STRINGS = YES;
				SWIFT_UPCOMING_FEATURE_MEMBER_IMPORT_VISIBILITY = YES;
				SWIFT_VERSION = 5.0;
				TARGETED_DEVICE_FAMILY = "1,2";
			};
			name = Release;
		};
		2BF454792E97DB7000C1190F /* Debug */ = {
			isa = XCBuildConfiguration;
			buildSettings = {
				ASSETCATALOG_COMPILER_APPICON_NAME = AppIcon;
				ASSETCATALOG_COMPILER_GLOBAL_ACCENT_COLOR_NAME = AccentColor;
				CODE_SIGN_ENTITLEMENTS = BloodyDay/App/BloodyDay.entitlements;
				CODE_SIGN_STYLE = Automatic;
				CURRENT_PROJECT_VERSION = 1;
				DEVELOPMENT_TEAM = UV2PAA368V;
				ENABLE_PREVIEWS = YES;
				GENERATE_INFOPLIST_FILE = YES;
				INFOPLIST_FILE = BloodyDay/App/Info.plist;
				INFOPLIST_KEY_CFBundleDisplayName = "B-Day";
				INFOPLIST_KEY_ITSAppUsesNonExemptEncryption = NO;
				INFOPLIST_KEY_LSApplicationCategoryType = "public.app-category.lifestyle";
				INFOPLIST_KEY_NSCalendarsFullAccessUsageDescription = "B-Day 기록을 위해 캘린더에 접근, 수정 권한이 필요합니다.";
				INFOPLIST_KEY_UIApplicationSceneManifest_Generation = YES;
				INFOPLIST_KEY_UIApplicationSupportsIndirectInputEvents = YES;
				INFOPLIST_KEY_UILaunchScreen_Generation = YES;
				INFOPLIST_KEY_UISupportedInterfaceOrientations = UIInterfaceOrientationPortrait;
				INFOPLIST_KEY_UISupportedInterfaceOrientations_iPad = "UIInterfaceOrientationLandscapeLeft UIInterfaceOrientationLandscapeRight UIInterfaceOrientationPortrait UIInterfaceOrientationPortraitUpsideDown";
				LD_RUNPATH_SEARCH_PATHS = (
					"$(inherited)",
					"@executable_path/Frameworks",
				);
				MARKETING_VERSION = 1.2.1;
				PRODUCT_BUNDLE_IDENTIFIER = dorypawn.BDay;
				PRODUCT_NAME = "$(TARGET_NAME)";
				STRING_CATALOG_GENERATE_SYMBOLS = YES;
				SUPPORTED_PLATFORMS = "iphoneos iphonesimulator";
				SUPPORTS_MACCATALYST = NO;
				SWIFT_APPROACHABLE_CONCURRENCY = YES;
				SWIFT_DEFAULT_ACTOR_ISOLATION = MainActor;
				SWIFT_EMIT_LOC_STRINGS = YES;
				SWIFT_UPCOMING_FEATURE_MEMBER_IMPORT_VISIBILITY = YES;
				SWIFT_VERSION = 5.0;
				TARGETED_DEVICE_FAMILY = "1,2";
			};
			name = Debug;
		};
		2BF4547A2E97DB7000C1190F /* Release */ = {
			isa = XCBuildConfiguration;
			buildSettings = {
				ASSETCATALOG_COMPILER_APPICON_NAME = AppIcon;
				ASSETCATALOG_COMPILER_GLOBAL_ACCENT_COLOR_NAME = AccentColor;
				CODE_SIGN_ENTITLEMENTS = BloodyDay/App/BloodyDay.entitlements;
				CODE_SIGN_STYLE = Automatic;
				CURRENT_PROJECT_VERSION = 1;
				DEVELOPMENT_TEAM = UV2PAA368V;
				ENABLE_PREVIEWS = YES;
				GENERATE_INFOPLIST_FILE = YES;
				INFOPLIST_FILE = BloodyDay/App/Info.plist;
				INFOPLIST_KEY_CFBundleDisplayName = "B-Day";
				INFOPLIST_KEY_ITSAppUsesNonExemptEncryption = NO;
				INFOPLIST_KEY_LSApplicationCategoryType = "public.app-category.lifestyle";
				INFOPLIST_KEY_NSCalendarsFullAccessUsageDescription = "B-Day 기록을 위해 캘린더에 접근, 수정 권한이 필요합니다.";
				INFOPLIST_KEY_UIApplicationSceneManifest_Generation = YES;
				INFOPLIST_KEY_UIApplicationSupportsIndirectInputEvents = YES;
				INFOPLIST_KEY_UILaunchScreen_Generation = YES;
				INFOPLIST_KEY_UISupportedInterfaceOrientations = UIInterfaceOrientationPortrait;
				INFOPLIST_KEY_UISupportedInterfaceOrientations_iPad = "UIInterfaceOrientationLandscapeLeft UIInterfaceOrientationLandscapeRight UIInterfaceOrientationPortrait UIInterfaceOrientationPortraitUpsideDown";
				LD_RUNPATH_SEARCH_PATHS = (
					"$(inherited)",
					"@executable_path/Frameworks",
				);
				MARKETING_VERSION = 1.2.1;
				PRODUCT_BUNDLE_IDENTIFIER = dorypawn.BDay;
				PRODUCT_NAME = "$(TARGET_NAME)";
				STRING_CATALOG_GENERATE_SYMBOLS = YES;
				SUPPORTED_PLATFORMS = "iphoneos iphonesimulator";
				SUPPORTS_MACCATALYST = NO;
				SWIFT_APPROACHABLE_CONCURRENCY = YES;
				SWIFT_DEFAULT_ACTOR_ISOLATION = MainActor;
				SWIFT_EMIT_LOC_STRINGS = YES;
				SWIFT_UPCOMING_FEATURE_MEMBER_IMPORT_VISIBILITY = YES;
				SWIFT_VERSION = 5.0;
				TARGETED_DEVICE_FAMILY = "1,2";
			};
			name = Release;
		};
		2BF4547B2E97DB7000C1190F /* Debug */ = {
			isa = XCBuildConfiguration;
			buildSettings = {
				ALWAYS_SEARCH_USER_PATHS = NO;
				ASSETCATALOG_COMPILER_GENERATE_SWIFT_ASSET_SYMBOL_EXTENSIONS = YES;
				CLANG_ANALYZER_NONNULL = YES;
				CLANG_ANALYZER_NUMBER_OBJECT_CONVERSION = YES_AGGRESSIVE;
				CLANG_CXX_LANGUAGE_STANDARD = "gnu++20";
				CLANG_ENABLE_MODULES = YES;
				CLANG_ENABLE_OBJC_ARC = YES;
				CLANG_ENABLE_OBJC_WEAK = YES;
				CLANG_WARN_BLOCK_CAPTURE_AUTORELEASING = YES;
				CLANG_WARN_BOOL_CONVERSION = YES;
				CLANG_WARN_COMMA = YES;
				CLANG_WARN_CONSTANT_CONVERSION = YES;
				CLANG_WARN_DEPRECATED_OBJC_IMPLEMENTATIONS = YES;
				CLANG_WARN_DIRECT_OBJC_ISA_USAGE = YES_ERROR;
				CLANG_WARN_DOCUMENTATION_COMMENTS = YES;
				CLANG_WARN_EMPTY_BODY = YES;
				CLANG_WARN_ENUM_CONVERSION = YES;
				CLANG_WARN_INFINITE_RECURSION = YES;
				CLANG_WARN_INT_CONVERSION = YES;
				CLANG_WARN_NON_LITERAL_NULL_CONVERSION = YES;
				CLANG_WARN_OBJC_IMPLICIT_RETAIN_SELF = YES;
				CLANG_WARN_OBJC_LITERAL_CONVERSION = YES;
				CLANG_WARN_OBJC_ROOT_CLASS = YES_ERROR;
				CLANG_WARN_QUOTED_INCLUDE_IN_FRAMEWORK_HEADER = YES;
				CLANG_WARN_RANGE_LOOP_ANALYSIS = YES;
				CLANG_WARN_STRICT_PROTOTYPES = YES;
				CLANG_WARN_SUSPICIOUS_MOVE = YES;
				CLANG_WARN_UNGUARDED_AVAILABILITY = YES_AGGRESSIVE;
				CLANG_WARN_UNREACHABLE_CODE = YES;
				CLANG_WARN__DUPLICATE_METHOD_MATCH = YES;
				COPY_PHASE_STRIP = NO;
				DEBUG_INFORMATION_FORMAT = dwarf;
				DEVELOPMENT_TEAM = UV2PAA368V;
				ENABLE_STRICT_OBJC_MSGSEND = YES;
				ENABLE_TESTABILITY = YES;
				ENABLE_USER_SCRIPT_SANDBOXING = YES;
				GCC_C_LANGUAGE_STANDARD = gnu17;
				GCC_DYNAMIC_NO_PIC = NO;
				GCC_NO_COMMON_BLOCKS = YES;
				GCC_OPTIMIZATION_LEVEL = 0;
				GCC_PREPROCESSOR_DEFINITIONS = (
					"DEBUG=1",
					"$(inherited)",
				);
				GCC_WARN_64_TO_32_BIT_CONVERSION = YES;
				GCC_WARN_ABOUT_RETURN_TYPE = YES_ERROR;
				GCC_WARN_UNDECLARED_SELECTOR = YES;
				GCC_WARN_UNINITIALIZED_AUTOS = YES_AGGRESSIVE;
				GCC_WARN_UNUSED_FUNCTION = YES;
				GCC_WARN_UNUSED_VARIABLE = YES;
				IPHONEOS_DEPLOYMENT_TARGET = 26.0;
				LOCALIZATION_PREFERS_STRING_CATALOGS = YES;
				MTL_ENABLE_DEBUG_INFO = INCLUDE_SOURCE;
				MTL_FAST_MATH = YES;
				ONLY_ACTIVE_ARCH = YES;
				SDKROOT = iphoneos;
				SWIFT_ACTIVE_COMPILATION_CONDITIONS = "DEBUG $(inherited)";
				SWIFT_OPTIMIZATION_LEVEL = "-Onone";
			};
			name = Debug;
		};
		2BF4547C2E97DB7000C1190F /* Release */ = {
			isa = XCBuildConfiguration;
			buildSettings = {
				ALWAYS_SEARCH_USER_PATHS = NO;
				ASSETCATALOG_COMPILER_GENERATE_SWIFT_ASSET_SYMBOL_EXTENSIONS = YES;
				CLANG_ANALYZER_NONNULL = YES;
				CLANG_ANALYZER_NUMBER_OBJECT_CONVERSION = YES_AGGRESSIVE;
				CLANG_CXX_LANGUAGE_STANDARD = "gnu++20";
				CLANG_ENABLE_MODULES = YES;
				CLANG_ENABLE_OBJC_ARC = YES;
				CLANG_ENABLE_OBJC_WEAK = YES;
				CLANG_WARN_BLOCK_CAPTURE_AUTORELEASING = YES;
				CLANG_WARN_BOOL_CONVERSION = YES;
				CLANG_WARN_COMMA = YES;
				CLANG_WARN_CONSTANT_CONVERSION = YES;
				CLANG_WARN_DEPRECATED_OBJC_IMPLEMENTATIONS = YES;
				CLANG_WARN_DIRECT_OBJC_ISA_USAGE = YES_ERROR;
				CLANG_WARN_DOCUMENTATION_COMMENTS = YES;
				CLANG_WARN_EMPTY_BODY = YES;
				CLANG_WARN_ENUM_CONVERSION = YES;
				CLANG_WARN_INFINITE_RECURSION = YES;
				CLANG_WARN_INT_CONVERSION = YES;
				CLANG_WARN_NON_LITERAL_NULL_CONVERSION = YES;
				CLANG_WARN_OBJC_IMPLICIT_RETAIN_SELF = YES;
				CLANG_WARN_OBJC_LITERAL_CONVERSION = YES;
				CLANG_WARN_OBJC_ROOT_CLASS = YES_ERROR;
				CLANG_WARN_QUOTED_INCLUDE_IN_FRAMEWORK_HEADER = YES;
				CLANG_WARN_RANGE_LOOP_ANALYSIS = YES;
				CLANG_WARN_STRICT_PROTOTYPES = YES;
				CLANG_WARN_SUSPICIOUS_MOVE = YES;
				CLANG_WARN_UNGUARDED_AVAILABILITY = YES_AGGRESSIVE;
				CLANG_WARN_UNREACHABLE_CODE = YES;
				CLANG_WARN__DUPLICATE_METHOD_MATCH = YES;
				COPY_PHASE_STRIP = NO;
				DEBUG_INFORMATION_FORMAT = "dwarf-with-dsym";
				DEVELOPMENT_TEAM = UV2PAA368V;
				ENABLE_NS_ASSERTIONS = NO;
				ENABLE_STRICT_OBJC_MSGSEND = YES;
				ENABLE_USER_SCRIPT_SANDBOXING = YES;
				GCC_C_LANGUAGE_STANDARD = gnu17;
				GCC_NO_COMMON_BLOCKS = YES;
				GCC_WARN_64_TO_32_BIT_CONVERSION = YES;
				GCC_WARN_ABOUT_RETURN_TYPE = YES_ERROR;
				GCC_WARN_UNDECLARED_SELECTOR = YES;
				GCC_WARN_UNINITIALIZED_AUTOS = YES_AGGRESSIVE;
				GCC_WARN_UNUSED_FUNCTION = YES;
				GCC_WARN_UNUSED_VARIABLE = YES;
				IPHONEOS_DEPLOYMENT_TARGET = 26.0;
				LOCALIZATION_PREFERS_STRING_CATALOGS = YES;
				MTL_ENABLE_DEBUG_INFO = NO;
				MTL_FAST_MATH = YES;
				SDKROOT = iphoneos;
				SWIFT_COMPILATION_MODE = wholemodule;
				VALIDATE_PRODUCT = YES;
			};
			name = Release;
		};
		2BF4547E2E97DB7000C1190F /* Debug */ = {
			isa = XCBuildConfiguration;
			buildSettings = {
				BUNDLE_LOADER = "$(TEST_HOST)";
				CODE_SIGN_STYLE = Automatic;
				CURRENT_PROJECT_VERSION = 1;
				DEVELOPMENT_TEAM = UV2PAA368V;
				GENERATE_INFOPLIST_FILE = YES;
				IPHONEOS_DEPLOYMENT_TARGET = 26.0;
				MARKETING_VERSION = 1.0;
				PRODUCT_BUNDLE_IDENTIFIER = dorypawn.BloodyDayTests;
				PRODUCT_NAME = "$(TARGET_NAME)";
				STRING_CATALOG_GENERATE_SYMBOLS = NO;
				SWIFT_APPROACHABLE_CONCURRENCY = YES;
				SWIFT_EMIT_LOC_STRINGS = NO;
				SWIFT_UPCOMING_FEATURE_MEMBER_IMPORT_VISIBILITY = YES;
				SWIFT_VERSION = 5.0;
				TARGETED_DEVICE_FAMILY = "1,2";
				TEST_HOST = "$(BUILT_PRODUCTS_DIR)/BloodyDay.app/$(BUNDLE_EXECUTABLE_FOLDER_PATH)/BloodyDay";
			};
			name = Debug;
		};
		2BF4547F2E97DB7000C1190F /* Release */ = {
			isa = XCBuildConfiguration;
			buildSettings = {
				BUNDLE_LOADER = "$(TEST_HOST)";
				CODE_SIGN_STYLE = Automatic;
				CURRENT_PROJECT_VERSION = 1;
				DEVELOPMENT_TEAM = UV2PAA368V;
				GENERATE_INFOPLIST_FILE = YES;
				IPHONEOS_DEPLOYMENT_TARGET = 26.0;
				MARKETING_VERSION = 1.0;
				PRODUCT_BUNDLE_IDENTIFIER = dorypawn.BloodyDayTests;
				PRODUCT_NAME = "$(TARGET_NAME)";
				STRING_CATALOG_GENERATE_SYMBOLS = NO;
				SWIFT_APPROACHABLE_CONCURRENCY = YES;
				SWIFT_EMIT_LOC_STRINGS = NO;
				SWIFT_UPCOMING_FEATURE_MEMBER_IMPORT_VISIBILITY = YES;
				SWIFT_VERSION = 5.0;
				TARGETED_DEVICE_FAMILY = "1,2";
				TEST_HOST = "$(BUILT_PRODUCTS_DIR)/BloodyDay.app/$(BUNDLE_EXECUTABLE_FOLDER_PATH)/BloodyDay";
			};
			name = Release;
		};
/* End XCBuildConfiguration section */

/* Begin XCConfigurationList section */
		2BE0DAD02F6DA547008394E3 /* Build configuration list for PBXNativeTarget "BloodyDayWidgetExtension" */ = {
			isa = XCConfigurationList;
			buildConfigurations = (
				2BE0DAD12F6DA547008394E3 /* Debug */,
				2BE0DAD22F6DA547008394E3 /* Release */,
			);
			defaultConfigurationIsVisible = 0;
			defaultConfigurationName = Release;
		};
		2BF4544F2E97DB6900C1190F /* Build configuration list for PBXProject "BloodyDay" */ = {
			isa = XCConfigurationList;
			buildConfigurations = (
				2BF4547B2E97DB7000C1190F /* Debug */,
				2BF4547C2E97DB7000C1190F /* Release */,
			);
			defaultConfigurationIsVisible = 0;
			defaultConfigurationName = Release;
		};
		2BF454782E97DB7000C1190F /* Build configuration list for PBXNativeTarget "BloodyDay" */ = {
			isa = XCConfigurationList;
			buildConfigurations = (
				2BF454792E97DB7000C1190F /* Debug */,
				2BF4547A2E97DB7000C1190F /* Release */,
			);
			defaultConfigurationIsVisible = 0;
			defaultConfigurationName = Release;
		};
		2BF4547D2E97DB7000C1190F /* Build configuration list for PBXNativeTarget "BloodyDayTests" */ = {
			isa = XCConfigurationList;
			buildConfigurations = (
				2BF4547E2E97DB7000C1190F /* Debug */,
				2BF4547F2E97DB7000C1190F /* Release */,
			);
			defaultConfigurationIsVisible = 0;
			defaultConfigurationName = Release;
		};
/* End XCConfigurationList section */
	};
	rootObject = 2BF4544C2E97DB6900C1190F /* Project object */;
}
